// !$*UTF8*$!
{
	archiveVersion = 1;
	classes = {
	};
	objectVersion = 46;
	objects = {

/* Begin PBXBuildFile section */
		64DDA5411C86B64200694AE1 /* main.m in Sources */ = {isa = PBXBuildFile; fileRef = 64DDA5401C86B64200694AE1 /* main.m */; };
		64DDA5441C86B64200694AE1 /* AppDelegate.m in Sources */ = {isa = PBXBuildFile; fileRef = 64DDA5431C86B64200694AE1 /* AppDelegate.m */; };
		64DDA5471C86B64200694AE1 /* ViewController.m in Sources */ = {isa = PBXBuildFile; fileRef = 64DDA5461C86B64200694AE1 /* ViewController.m */; };
		64DDA54A1C86B64200694AE1 /* Main.storyboard in Resources */ = {isa = PBXBuildFile; fileRef = 64DDA5481C86B64200694AE1 /* Main.storyboard */; };
		64DDA54C1C86B64200694AE1 /* Assets.xcassets in Resources */ = {isa = PBXBuildFile; fileRef = 64DDA54B1C86B64200694AE1 /* Assets.xcassets */; };
		64DDA54F1C86B64200694AE1 /* LaunchScreen.storyboard in Resources */ = {isa = PBXBuildFile; fileRef = 64DDA54D1C86B64200694AE1 /* LaunchScreen.storyboard */; };
		64DDA55A1C86B64200694AE1 /* ____Tests.m in Sources */ = {isa = PBXBuildFile; fileRef = 64DDA5591C86B64200694AE1 /* ____Tests.m */; };
		64DDA5651C86B64200694AE1 /* ____UITests.m in Sources */ = {isa = PBXBuildFile; fileRef = 64DDA5641C86B64200694AE1 /* ____UITests.m */; };
		64DDA5741C86B9C900694AE1 /* CustomView.m in Sources */ = {isa = PBXBuildFile; fileRef = 64DDA5731C86B9C900694AE1 /* CustomView.m */; };
		64DDA5771C86DD9E00694AE1 /* GirlsViewController.m in Sources */ = {isa = PBXBuildFile; fileRef = 64DDA5761C86DD9E00694AE1 /* GirlsViewController.m */; };
		64DDA5811C86DDC000694AE1 /* 1.jpg in Resources */ = {isa = PBXBuildFile; fileRef = 64DDA5781C86DDC000694AE1 /* 1.jpg */; };
		64DDA5821C86DDC000694AE1 /* 2.jpg in Resources */ = {isa = PBXBuildFile; fileRef = 64DDA5791C86DDC000694AE1 /* 2.jpg */; };
		64DDA5831C86DDC000694AE1 /* 3.jpg in Resources */ = {isa = PBXBuildFile; fileRef = 64DDA57A1C86DDC000694AE1 /* 3.jpg */; };
		64DDA5841C86DDC000694AE1 /* 4.jpg in Resources */ = {isa = PBXBuildFile; fileRef = 64DDA57B1C86DDC000694AE1 /* 4.jpg */; };
		64DDA5851C86DDC000694AE1 /* 5.jpg in Resources */ = {isa = PBXBuildFile; fileRef = 64DDA57C1C86DDC000694AE1 /* 5.jpg */; };
		64DDA5861C86DDC000694AE1 /* 6.jpg in Resources */ = {isa = PBXBuildFile; fileRef = 64DDA57D1C86DDC000694AE1 /* 6.jpg */; };
		64DDA5871C86DDC000694AE1 /* 7.jpg in Resources */ = {isa = PBXBuildFile; fileRef = 64DDA57E1C86DDC000694AE1 /* 7.jpg */; };
		64DDA5881C86DDC000694AE1 /* 8.jpg in Resources */ = {isa = PBXBuildFile; fileRef = 64DDA57F1C86DDC000694AE1 /* 8.jpg */; };
		64DDA5891C86DDC000694AE1 /* 9.jpg in Resources */ = {isa = PBXBuildFile; fileRef = 64DDA5801C86DDC000694AE1 /* 9.jpg */; };
		64DDA58B1C86DDFC00694AE1 /* Girls.xib in Resources */ = {isa = PBXBuildFile; fileRef = 64DDA58A1C86DDFC00694AE1 /* Girls.xib */; };
		64DDA5921C86E83300694AE1 /* GirlssssViewController.m in Sources */ = {isa = PBXBuildFile; fileRef = 64DDA5901C86E83300694AE1 /* GirlssssViewController.m */; };
		64DDA5931C86E83300694AE1 /* GirlssssViewController.xib in Resources */ = {isa = PBXBuildFile; fileRef = 64DDA5911C86E83300694AE1 /* GirlssssViewController.xib */; };
		64DDA59A1C86EA5B00694AE1 /* 15.jpg in Resources */ = {isa = PBXBuildFile; fileRef = 64DDA5941C86EA5B00694AE1 /* 15.jpg */; };
		64DDA59B1C86EA5B00694AE1 /* 14.jpg in Resources */ = {isa = PBXBuildFile; fileRef = 64DDA5951C86EA5B00694AE1 /* 14.jpg */; };
		64DDA59C1C86EA5B00694AE1 /* 13.jpg in Resources */ = {isa = PBXBuildFile; fileRef = 64DDA5961C86EA5B00694AE1 /* 13.jpg */; };
		64DDA59D1C86EA5B00694AE1 /* 12.jpg in Resources */ = {isa = PBXBuildFile; fileRef = 64DDA5971C86EA5B00694AE1 /* 12.jpg */; };
		64DDA59E1C86EA5B00694AE1 /* 11.jpg in Resources */ = {isa = PBXBuildFile; fileRef = 64DDA5981C86EA5B00694AE1 /* 11.jpg */; };
		64DDA59F1C86EA5B00694AE1 /* 10.jpg in Resources */ = {isa = PBXBuildFile; fileRef = 64DDA5991C86EA5B00694AE1 /* 10.jpg */; };
/* End PBXBuildFile section */

/* Begin PBXContainerItemProxy section */
		64DDA5561C86B64200694AE1 /* PBXContainerItemProxy */ = {
			isa = PBXContainerItemProxy;
			containerPortal = 64DDA5341C86B64200694AE1 /* Project object */;
			proxyType = 1;
			remoteGlobalIDString = 64DDA53B1C86B64200694AE1;
			remoteInfo = "手势解锁";
		};
		64DDA5611C86B64200694AE1 /* PBXContainerItemProxy */ = {
			isa = PBXContainerItemProxy;
			containerPortal = 64DDA5341C86B64200694AE1 /* Project object */;
			proxyType = 1;
			remoteGlobalIDString = 64DDA53B1C86B64200694AE1;
			remoteInfo = "手势解锁";
		};
/* End PBXContainerItemProxy section */

/* Begin PBXFileReference section */
		64DDA53C1C86B64200694AE1 /* 手势解锁.app */ = {isa = PBXFileReference; explicitFileType = wrapper.application; includeInIndex = 0; path = "手势解锁.app"; sourceTree = BUILT_PRODUCTS_DIR; };
		64DDA5401C86B64200694AE1 /* main.m */ = {isa = PBXFileReference; lastKnownFileType = sourcecode.c.objc; path = main.m; sourceTree = "<group>"; };
		64DDA5421C86B64200694AE1 /* AppDelegate.h */ = {isa = PBXFileReference; lastKnownFileType = sourcecode.c.h; path = AppDelegate.h; sourceTree = "<group>"; };
		64DDA5431C86B64200694AE1 /* AppDelegate.m */ = {isa = PBXFileReference; lastKnownFileType = sourcecode.c.objc; path = AppDelegate.m; sourceTree = "<group>"; };
		64DDA5451C86B64200694AE1 /* ViewController.h */ = {isa = PBXFileReference; lastKnownFileType = sourcecode.c.h; path = ViewController.h; sourceTree = "<group>"; };
		64DDA5461C86B64200694AE1 /* ViewController.m */ = {isa = PBXFileReference; lastKnownFileType = sourcecode.c.objc; path = ViewController.m; sourceTree = "<group>"; };
		64DDA5491C86B64200694AE1 /* Base */ = {isa = PBXFileReference; lastKnownFileType = file.storyboard; name = Base; path = Base.lproj/Main.storyboard; sourceTree = "<group>"; };
		64DDA54B1C86B64200694AE1 /* Assets.xcassets */ = {isa = PBXFileReference; lastKnownFileType = folder.assetcatalog; path = Assets.xcassets; sourceTree = "<group>"; };
		64DDA54E1C86B64200694AE1 /* Base */ = {isa = PBXFileReference; lastKnownFileType = file.storyboard; name = Base; path = Base.lproj/LaunchScreen.storyboard; sourceTree = "<group>"; };
		64DDA5501C86B64200694AE1 /* Info.plist */ = {isa = PBXFileReference; lastKnownFileType = text.plist.xml; path = Info.plist; sourceTree = "<group>"; };
		64DDA5551C86B64200694AE1 /* 手势解锁Tests.xctest */ = {isa = PBXFileReference; explicitFileType = wrapper.cfbundle; includeInIndex = 0; path = "手势解锁Tests.xctest"; sourceTree = BUILT_PRODUCTS_DIR; };
		64DDA5591C86B64200694AE1 /* ____Tests.m */ = {isa = PBXFileReference; lastKnownFileType = sourcecode.c.objc; path = "____Tests.m"; sourceTree = "<group>"; };
		64DDA55B1C86B64200694AE1 /* Info.plist */ = {isa = PBXFileReference; lastKnownFileType = text.plist.xml; path = Info.plist; sourceTree = "<group>"; };
		64DDA5601C86B64200694AE1 /* 手势解锁UITests.xctest */ = {isa = PBXFileReference; explicitFileType = wrapper.cfbundle; includeInIndex = 0; path = "手势解锁UITests.xctest"; sourceTree = BUILT_PRODUCTS_DIR; };
		64DDA5641C86B64200694AE1 /* ____UITests.m */ = {isa = PBXFileReference; lastKnownFileType = sourcecode.c.objc; path = "____UITests.m"; sourceTree = "<group>"; };
		64DDA5661C86B64200694AE1 /* Info.plist */ = {isa = PBXFileReference; lastKnownFileType = text.plist.xml; path = Info.plist; sourceTree = "<group>"; };
		64DDA5721C86B9C800694AE1 /* CustomView.h */ = {isa = PBXFileReference; fileEncoding = 4; lastKnownFileType = sourcecode.c.h; path = CustomView.h; sourceTree = "<group>"; };
		64DDA5731C86B9C900694AE1 /* CustomView.m */ = {isa = PBXFileReference; fileEncoding = 4; lastKnownFileType = sourcecode.c.objc; path = CustomView.m; sourceTree = "<group>"; };
		64DDA5751C86DD9E00694AE1 /* GirlsViewController.h */ = {isa = PBXFileReference; fileEncoding = 4; lastKnownFileType = sourcecode.c.h; path = GirlsViewController.h; sourceTree = "<group>"; };
		64DDA5761C86DD9E00694AE1 /* GirlsViewController.m */ = {isa = PBXFileReference; fileEncoding = 4; lastKnownFileType = sourcecode.c.objc; path = GirlsViewController.m; sourceTree = "<group>"; };
		64DDA5781C86DDC000694AE1 /* 1.jpg */ = {isa = PBXFileReference; lastKnownFileType = image.jpeg; path = 1.jpg; sourceTree = "<group>"; };
		64DDA5791C86DDC000694AE1 /* 2.jpg */ = {isa = PBXFileReference; lastKnownFileType = image.jpeg; path = 2.jpg; sourceTree = "<group>"; };
		64DDA57A1C86DDC000694AE1 /* 3.jpg */ = {isa = PBXFileReference; lastKnownFileType = image.jpeg; path = 3.jpg; sourceTree = "<group>"; };
		64DDA57B1C86DDC000694AE1 /* 4.jpg */ = {isa = PBXFileReference; lastKnownFileType = image.jpeg; path = 4.jpg; sourceTree = "<group>"; };
		64DDA57C1C86DDC000694AE1 /* 5.jpg */ = {isa = PBXFileReference; lastKnownFileType = image.jpeg; path = 5.jpg; sourceTree = "<group>"; };
		64DDA57D1C86DDC000694AE1 /* 6.jpg */ = {isa = PBXFileReference; lastKnownFileType = image.jpeg; path = 6.jpg; sourceTree = "<group>"; };
		64DDA57E1C86DDC000694AE1 /* 7.jpg */ = {isa = PBXFileReference; lastKnownFileType = image.jpeg; path = 7.jpg; sourceTree = "<group>"; };
		64DDA57F1C86DDC000694AE1 /* 8.jpg */ = {isa = PBXFileReference; lastKnownFileType = image.jpeg; path = 8.jpg; sourceTree = "<group>"; };
		64DDA5801C86DDC000694AE1 /* 9.jpg */ = {isa = PBXFileReference; lastKnownFileType = image.jpeg; path = 9.jpg; sourceTree = "<group>"; };
		64DDA58A1C86DDFC00694AE1 /* Girls.xib */ = {isa = PBXFileReference; fileEncoding = 4; lastKnownFileType = file.xib; path = Girls.xib; sourceTree = "<group>"; };
		64DDA58F1C86E83300694AE1 /* GirlssssViewController.h */ = {isa = PBXFileReference; fileEncoding = 4; lastKnownFileType = sourcecode.c.h; path = GirlssssViewController.h; sourceTree = "<group>"; };
		64DDA5901C86E83300694AE1 /* GirlssssViewController.m */ = {isa = PBXFileReference; fileEncoding = 4; lastKnownFileType = sourcecode.c.objc; path = GirlssssViewController.m; sourceTree = "<group>"; };
		64DDA5911C86E83300694AE1 /* GirlssssViewController.xib */ = {isa = PBXFileReference; fileEncoding = 4; lastKnownFileType = file.xib; path = GirlssssViewController.xib; sourceTree = "<group>"; };
		64DDA5941C86EA5B00694AE1 /* 15.jpg */ = {isa = PBXFileReference; lastKnownFileType = image.jpeg; path = 15.jpg; sourceTree = "<group>"; };
		64DDA5951C86EA5B00694AE1 /* 14.jpg */ = {isa = PBXFileReference; lastKnownFileType = image.jpeg; path = 14.jpg; sourceTree = "<group>"; };
		64DDA5961C86EA5B00694AE1 /* 13.jpg */ = {isa = PBXFileReference; lastKnownFileType = image.jpeg; path = 13.jpg; sourceTree = "<group>"; };
		64DDA5971C86EA5B00694AE1 /* 12.jpg */ = {isa = PBXFileReference; lastKnownFileType = image.jpeg; path = 12.jpg; sourceTree = "<group>"; };
		64DDA5981C86EA5B00694AE1 /* 11.jpg */ = {isa = PBXFileReference; lastKnownFileType = image.jpeg; path = 11.jpg; sourceTree = "<group>"; };
		64DDA5991C86EA5B00694AE1 /* 10.jpg */ = {isa = PBXFileReference; lastKnownFileType = image.jpeg; path = 10.jpg; sourceTree = "<group>"; };
/* End PBXFileReference section */

/* Begin PBXFrameworksBuildPhase section */
		64DDA5391C86B64200694AE1 /* Frameworks */ = {
			isa = PBXFrameworksBuildPhase;
			buildActionMask = 2147483647;
			files = (
			);
			runOnlyForDeploymentPostprocessing = 0;
		};
		64DDA5521C86B64200694AE1 /* Frameworks */ = {
			isa = PBXFrameworksBuildPhase;
			buildActionMask = 2147483647;
			files = (
			);
			runOnlyForDeploymentPostprocessing = 0;
		};
		64DDA55D1C86B64200694AE1 /* Frameworks */ = {
			isa = PBXFrameworksBuildPhase;
			buildActionMask = 2147483647;
			files = (
			);
			runOnlyForDeploymentPostprocessing = 0;
		};
/* End PBXFrameworksBuildPhase section */

/* Begin PBXGroup section */
		64DDA5331C86B64200694AE1 = {
			isa = PBXGroup;
			children = (
				64DDA53E1C86B64200694AE1 /* 手势解锁 */,
				64DDA5581C86B64200694AE1 /* 手势解锁Tests */,
				64DDA5631C86B64200694AE1 /* 手势解锁UITests */,
				64DDA53D1C86B64200694AE1 /* Products */,
			);
			sourceTree = "<group>";
		};
		64DDA53D1C86B64200694AE1 /* Products */ = {
			isa = PBXGroup;
			children = (
				64DDA53C1C86B64200694AE1 /* 手势解锁.app */,
				64DDA5551C86B64200694AE1 /* 手势解锁Tests.xctest */,
				64DDA5601C86B64200694AE1 /* 手势解锁UITests.xctest */,
			);
			name = Products;
			sourceTree = "<group>";
		};
		64DDA53E1C86B64200694AE1 /* 手势解锁 */ = {
			isa = PBXGroup;
			children = (
				64DDA5781C86DDC000694AE1 /* 1.jpg */,
				64DDA5791C86DDC000694AE1 /* 2.jpg */,
				64DDA57A1C86DDC000694AE1 /* 3.jpg */,
				64DDA57B1C86DDC000694AE1 /* 4.jpg */,
				64DDA57C1C86DDC000694AE1 /* 5.jpg */,
				64DDA57D1C86DDC000694AE1 /* 6.jpg */,
				64DDA57E1C86DDC000694AE1 /* 7.jpg */,
				64DDA57F1C86DDC000694AE1 /* 8.jpg */,
				64DDA5801C86DDC000694AE1 /* 9.jpg */,
				64DDA5941C86EA5B00694AE1 /* 15.jpg */,
				64DDA5951C86EA5B00694AE1 /* 14.jpg */,
				64DDA5961C86EA5B00694AE1 /* 13.jpg */,
				64DDA5971C86EA5B00694AE1 /* 12.jpg */,
				64DDA5981C86EA5B00694AE1 /* 11.jpg */,
				64DDA5991C86EA5B00694AE1 /* 10.jpg */,
				64DDA5421C86B64200694AE1 /* AppDelegate.h */,
				64DDA5431C86B64200694AE1 /* AppDelegate.m */,
				64DDA5451C86B64200694AE1 /* ViewController.h */,
				64DDA5461C86B64200694AE1 /* ViewController.m */,
				64DDA5751C86DD9E00694AE1 /* GirlsViewController.h */,
				64DDA5761C86DD9E00694AE1 /* GirlsViewController.m */,
				64DDA58F1C86E83300694AE1 /* GirlssssViewController.h */,
				64DDA5901C86E83300694AE1 /* GirlssssViewController.m */,
				64DDA5911C86E83300694AE1 /* GirlssssViewController.xib */,
				64DDA58A1C86DDFC00694AE1 /* Girls.xib */,
				64DDA5721C86B9C800694AE1 /* CustomView.h */,
				64DDA5731C86B9C900694AE1 /* CustomView.m */,
				64DDA5481C86B64200694AE1 /* Main.storyboard */,
				64DDA54B1C86B64200694AE1 /* Assets.xcassets */,
				64DDA54D1C86B64200694AE1 /* LaunchScreen.storyboard */,
				64DDA5501C86B64200694AE1 /* Info.plist */,
				64DDA53F1C86B64200694AE1 /* Supporting Files */,
			);
			path = "手势解锁";
			sourceTree = "<group>";
		};
		64DDA53F1C86B64200694AE1 /* Supporting Files */ = {
			isa = PBXGroup;
			children = (
				64DDA5401C86B64200694AE1 /* main.m */,
			);
			name = "Supporting Files";
			sourceTree = "<group>";
		};
		64DDA5581C86B64200694AE1 /* 手势解锁Tests */ = {
			isa = PBXGroup;
			children = (
				64DDA5591C86B64200694AE1 /* ____Tests.m */,
				64DDA55B1C86B64200694AE1 /* Info.plist */,
			);
			path = "手势解锁Tests";
			sourceTree = "<group>";
		};
		64DDA5631C86B64200694AE1 /* 手势解锁UITests */ = {
			isa = PBXGroup;
			children = (
				64DDA5641C86B64200694AE1 /* ____UITests.m */,
				64DDA5661C86B64200694AE1 /* Info.plist */,
			);
			path = "手势解锁UITests";
			sourceTree = "<group>";
		};
/* End PBXGroup section */

/* Begin PBXNativeTarget section */
		64DDA53B1C86B64200694AE1 /* 手势解锁 */ = {
			isa = PBXNativeTarget;
			buildConfigurationList = 64DDA5691C86B64200694AE1 /* Build configuration list for PBXNativeTarget "手势解锁" */;
			buildPhases = (
				64DDA5381C86B64200694AE1 /* Sources */,
				64DDA5391C86B64200694AE1 /* Frameworks */,
				64DDA53A1C86B64200694AE1 /* Resources */,
			);
			buildRules = (
			);
			dependencies = (
			);
			name = "手势解锁";
			productName = "手势解锁";
			productReference = 64DDA53C1C86B64200694AE1 /* 手势解锁.app */;
			productType = "com.apple.product-type.application";
		};
		64DDA5541C86B64200694AE1 /* 手势解锁Tests */ = {
			isa = PBXNativeTarget;
			buildConfigurationList = 64DDA56C1C86B64200694AE1 /* Build configuration list for PBXNativeTarget "手势解锁Tests" */;
			buildPhases = (
				64DDA5511C86B64200694AE1 /* Sources */,
				64DDA5521C86B64200694AE1 /* Frameworks */,
				64DDA5531C86B64200694AE1 /* Resources */,
			);
			buildRules = (
			);
			dependencies = (
				64DDA5571C86B64200694AE1 /* PBXTargetDependency */,
			);
			name = "手势解锁Tests";
			productName = "手势解锁Tests";
			productReference = 64DDA5551C86B64200694AE1 /* 手势解锁Tests.xctest */;
			productType = "com.apple.product-type.bundle.unit-test";
		};
		64DDA55F1C86B64200694AE1 /* 手势解锁UITests */ = {
			isa = PBXNativeTarget;
			buildConfigurationList = 64DDA56F1C86B64200694AE1 /* Build configuration list for PBXNativeTarget "手势解锁UITests" */;
			buildPhases = (
				64DDA55C1C86B64200694AE1 /* Sources */,
				64DDA55D1C86B64200694AE1 /* Frameworks */,
				64DDA55E1C86B64200694AE1 /* Resources */,
			);
			buildRules = (
			);
			dependencies = (
				64DDA5621C86B64200694AE1 /* PBXTargetDependency */,
			);
			name = "手势解锁UITests";
			productName = "手势解锁UITests";
			productReference = 64DDA5601C86B64200694AE1 /* 手势解锁UITests.xctest */;
			productType = "com.apple.product-type.bundle.ui-testing";
		};
/* End PBXNativeTarget section */

/* Begin PBXProject section */
		64DDA5341C86B64200694AE1 /* Project object */ = {
			isa = PBXProject;
			attributes = {
				LastUpgradeCheck = 0720;
				ORGANIZATIONNAME = apple2015;
				TargetAttributes = {
					64DDA53B1C86B64200694AE1 = {
						CreatedOnToolsVersion = 7.2;
						DevelopmentTeam = TLWY4JCDJ3;
					};
					64DDA5541C86B64200694AE1 = {
						CreatedOnToolsVersion = 7.2;
						TestTargetID = 64DDA53B1C86B64200694AE1;
					};
					64DDA55F1C86B64200694AE1 = {
						CreatedOnToolsVersion = 7.2;
						TestTargetID = 64DDA53B1C86B64200694AE1;
					};
				};
			};
			buildConfigurationList = 64DDA5371C86B64200694AE1 /* Build configuration list for PBXProject "手势解锁" */;
			compatibilityVersion = "Xcode 3.2";
			developmentRegion = English;
			hasScannedForEncodings = 0;
			knownRegions = (
				en,
				Base,
			);
			mainGroup = 64DDA5331C86B64200694AE1;
			productRefGroup = 64DDA53D1C86B64200694AE1 /* Products */;
			projectDirPath = "";
			projectRoot = "";
			targets = (
				64DDA53B1C86B64200694AE1 /* 手势解锁 */,
				64DDA5541C86B64200694AE1 /* 手势解锁Tests */,
				64DDA55F1C86B64200694AE1 /* 手势解锁UITests */,
			);
		};
/* End PBXProject section */

/* Begin PBXResourcesBuildPhase section */
		64DDA53A1C86B64200694AE1 /* Resources */ = {
			isa = PBXResourcesBuildPhase;
			buildActionMask = 2147483647;
			files = (
				64DDA5881C86DDC000694AE1 /* 8.jpg in Resources */,
				64DDA5861C86DDC000694AE1 /* 6.jpg in Resources */,
				64DDA59D1C86EA5B00694AE1 /* 12.jpg in Resources */,
				64DDA54F1C86B64200694AE1 /* LaunchScreen.storyboard in Resources */,
				64DDA59E1C86EA5B00694AE1 /* 11.jpg in Resources */,
				64DDA58B1C86DDFC00694AE1 /* Girls.xib in Resources */,
				64DDA5931C86E83300694AE1 /* GirlssssViewController.xib in Resources */,
				64DDA59C1C86EA5B00694AE1 /* 13.jpg in Resources */,
				64DDA59A1C86EA5B00694AE1 /* 15.jpg in Resources */,
				64DDA5851C86DDC000694AE1 /* 5.jpg in Resources */,
				64DDA59F1C86EA5B00694AE1 /* 10.jpg in Resources */,
				64DDA5841C86DDC000694AE1 /* 4.jpg in Resources */,
				64DDA5811C86DDC000694AE1 /* 1.jpg in Resources */,
				64DDA5821C86DDC000694AE1 /* 2.jpg in Resources */,
				64DDA59B1C86EA5B00694AE1 /* 14.jpg in Resources */,
				64DDA5831C86DDC000694AE1 /* 3.jpg in Resources */,
				64DDA5871C86DDC000694AE1 /* 7.jpg in Resources */,
				64DDA5891C86DDC000694AE1 /* 9.jpg in Resources */,
				64DDA54C1C86B64200694AE1 /* Assets.xcassets in Resources */,
				64DDA54A1C86B64200694AE1 /* Main.storyboard in Resources */,
			);
			runOnlyForDeploymentPostprocessing = 0;
		};
		64DDA5531C86B64200694AE1 /* Resources */ = {
			isa = PBXResourcesBuildPhase;
			buildActionMask = 2147483647;
			files = (
			);
			runOnlyForDeploymentPostprocessing = 0;
		};
		64DDA55E1C86B64200694AE1 /* Resources */ = {
			isa = PBXResourcesBuildPhase;
			buildActionMask = 2147483647;
			files = (
			);
			runOnlyForDeploymentPostprocessing = 0;
		};
/* End PBXResourcesBuildPhase section */

/* Begin PBXSourcesBuildPhase section */
		64DDA5381C86B64200694AE1 /* Sources */ = {
			isa = PBXSourcesBuildPhase;
			buildActionMask = 2147483647;
			files = (
				64DDA5771C86DD9E00694AE1 /* GirlsViewController.m in Sources */,
				64DDA5471C86B64200694AE1 /* ViewController.m in Sources */,
				64DDA5921C86E83300694AE1 /* GirlssssViewController.m in Sources */,
				64DDA5741C86B9C900694AE1 /* CustomView.m in Sources */,
				64DDA5441C86B64200694AE1 /* AppDelegate.m in Sources */,
				64DDA5411C86B64200694AE1 /* main.m in Sources */,
			);
			runOnlyForDeploymentPostprocessing = 0;
		};
		64DDA5511C86B64200694AE1 /* Sources */ = {
			isa = PBXSourcesBuildPhase;
			buildActionMask = 2147483647;
			files = (
				64DDA55A1C86B64200694AE1 /* ____Tests.m in Sources */,
			);
			runOnlyForDeploymentPostprocessing = 0;
		};
		64DDA55C1C86B64200694AE1 /* Sources */ = {
			isa = PBXSourcesBuildPhase;
			buildActionMask = 2147483647;
			files = (
				64DDA5651C86B64200694AE1 /* ____UITests.m in Sources */,
			);
			runOnlyForDeploymentPostprocessing = 0;
		};
/* End PBXSourcesBuildPhase section */

/* Begin PBXTargetDependency section */
		64DDA5571C86B64200694AE1 /* PBXTargetDependency */ = {
			isa = PBXTargetDependency;
			target = 64DDA53B1C86B64200694AE1 /* 手势解锁 */;
			targetProxy = 64DDA5561C86B64200694AE1 /* PBXContainerItemProxy */;
		};
		64DDA5621C86B64200694AE1 /* PBXTargetDependency */ = {
			isa = PBXTargetDependency;
			target = 64DDA53B1C86B64200694AE1 /* 手势解锁 */;
			targetProxy = 64DDA5611C86B64200694AE1 /* PBXContainerItemProxy */;
		};
/* End PBXTargetDependency section */

/* Begin PBXVariantGroup section */
		64DDA5481C86B64200694AE1 /* Main.storyboard */ = {
			isa = PBXVariantGroup;
			children = (
				64DDA5491C86B64200694AE1 /* Base */,
			);
			name = Main.storyboard;
			sourceTree = "<group>";
		};
		64DDA54D1C86B64200694AE1 /* LaunchScreen.storyboard */ = {
			isa = PBXVariantGroup;
			children = (
				64DDA54E1C86B64200694AE1 /* Base */,
			);
			name = LaunchScreen.storyboard;
			sourceTree = "<group>";
		};
/* End PBXVariantGroup section */

/* Begin XCBuildConfiguration section */
		64DDA5671C86B64200694AE1 /* Debug */ = {
			isa = XCBuildConfiguration;
			buildSettings = {
				ALWAYS_SEARCH_USER_PATHS = NO;
				CLANG_CXX_LANGUAGE_STANDARD = "gnu++0x";
				CLANG_CXX_LIBRARY = "libc++";
				CLANG_ENABLE_MODULES = YES;
				CLANG_ENABLE_OBJC_ARC = YES;
				CLANG_WARN_BOOL_CONVERSION = YES;
				CLANG_WARN_CONSTANT_CONVERSION = YES;
				CLANG_WARN_DIRECT_OBJC_ISA_USAGE = YES_ERROR;
				CLANG_WARN_EMPTY_BODY = YES;
				CLANG_WARN_ENUM_CONVERSION = YES;
				CLANG_WARN_INT_CONVERSION = YES;
				CLANG_WARN_OBJC_ROOT_CLASS = YES_ERROR;
				CLANG_WARN_UNREACHABLE_CODE = YES;
				CLANG_WARN__DUPLICATE_METHOD_MATCH = YES;
				"CODE_SIGN_IDENTITY[sdk=iphoneos*]" = "iPhone Developer";
				COPY_PHASE_STRIP = NO;
				DEBUG_INFORMATION_FORMAT = dwarf;
				ENABLE_STRICT_OBJC_MSGSEND = YES;
				ENABLE_TESTABILITY = YES;
				GCC_C_LANGUAGE_STANDARD = gnu99;
				GCC_DYNAMIC_NO_PIC = NO;
				GCC_NO_COMMON_BLOCKS = YES;
				GCC_OPTIMIZATION_LEVEL = 0;
				GCC_PREPROCESSOR_DEFINITIONS = (
					"DEBUG=1",
					"$(inherited)",
				);
				GCC_WARN_64_TO_32_BIT_CONVERSION = YES;
				GCC_WARN_ABOUT_RETURN_TYPE = YES_ERROR;
				GCC_WARN_UNDECLARED_SELECTOR = YES;
				GCC_WARN_UNINITIALIZED_AUTOS = YES_AGGRESSIVE;
				GCC_WARN_UNUSED_FUNCTION = YES;
				GCC_WARN_UNUSED_VARIABLE = YES;
				IPHONEOS_DEPLOYMENT_TARGET = 9.2;
				MTL_ENABLE_DEBUG_INFO = YES;
				ONLY_ACTIVE_ARCH = YES;
				SDKROOT = iphoneos;
			};
			name = Debug;
		};
		64DDA5681C86B64200694AE1 /* Release */ = {
			isa = XCBuildConfiguration;
			buildSettings = {
				ALWAYS_SEARCH_USER_PATHS = NO;
				CLANG_CXX_LANGUAGE_STANDARD = "gnu++0x";
				CLANG_CXX_LIBRARY = "libc++";
				CLANG_ENABLE_MODULES = YES;
				CLANG_ENABLE_OBJC_ARC = YES;
				CLANG_WARN_BOOL_CONVERSION = YES;
				CLANG_WARN_CONSTANT_CONVERSION = YES;
				CLANG_WARN_DIRECT_OBJC_ISA_USAGE = YES_ERROR;
				CLANG_WARN_EMPTY_BODY = YES;
				CLANG_WARN_ENUM_CONVERSION = YES;
				CLANG_WARN_INT_CONVERSION = YES;
				CLANG_WARN_OBJC_ROOT_CLASS = YES_ERROR;
				CLANG_WARN_UNREACHABLE_CODE = YES;
				CLANG_WARN__DUPLICATE_METHOD_MATCH = YES;
				"CODE_SIGN_IDENTITY[sdk=iphoneos*]" = "iPhone Developer";
				COPY_PHASE_STRIP = NO;
				DEBUG_INFORMATION_FORMAT = "dwarf-with-dsym";
				ENABLE_NS_ASSERTIONS = NO;
				ENABLE_STRICT_OBJC_MSGSEND = YES;
				GCC_C_LANGUAGE_STANDARD = gnu99;
				GCC_NO_COMMON_BLOCKS = YES;
				GCC_WARN_64_TO_32_BIT_CONVERSION = YES;
				GCC_WARN_ABOUT_RETURN_TYPE = YES_ERROR;
				GCC_WARN_UNDECLARED_SELECTOR = YES;
				GCC_WARN_UNINITIALIZED_AUTOS = YES_AGGRESSIVE;
				GCC_WARN_UNUSED_FUNCTION = YES;
				GCC_WARN_UNUSED_VARIABLE = YES;
				IPHONEOS_DEPLOYMENT_TARGET = 9.2;
				MTL_ENABLE_DEBUG_INFO = NO;
				SDKROOT = iphoneos;
				VALIDATE_PRODUCT = YES;
			};
			name = Release;
		};
		64DDA56A1C86B64200694AE1 /* Debug */ = {
			isa = XCBuildConfiguration;
			buildSettings = {
				ASSETCATALOG_COMPILER_APPICON_NAME = AppIcon;
				CODE_SIGN_IDENTITY = "iPhone Developer";
				INFOPLIST_FILE = "手势解锁/Info.plist";
				LD_RUNPATH_SEARCH_PATHS = "$(inherited) @executable_path/Frameworks";
				PRODUCT_BUNDLE_IDENTIFIER = xunbao.jiesou;
				PRODUCT_NAME = "$(TARGET_NAME)";
			};
			name = Debug;
		};
		64DDA56B1C86B64200694AE1 /* Release */ = {
			isa = XCBuildConfiguration;
			buildSettings = {
				ASSETCATALOG_COMPILER_APPICON_NAME = AppIcon;
				CODE_SIGN_IDENTITY = "iPhone Developer";
				INFOPLIST_FILE = "手势解锁/Info.plist";
				LD_RUNPATH_SEARCH_PATHS = "$(inherited) @executable_path/Frameworks";
				PRODUCT_BUNDLE_IDENTIFIER = xunbao.jiesou;
				PRODUCT_NAME = "$(TARGET_NAME)";
			};
			name = Release;
		};
		64DDA56D1C86B64200694AE1 /* Debug */ = {
			isa = XCBuildConfiguration;
			buildSettings = {
				BUNDLE_LOADER = "$(TEST_HOST)";
				INFOPLIST_FILE = "手势解锁Tests/Info.plist";
				LD_RUNPATH_SEARCH_PATHS = "$(inherited) @executable_path/Frameworks @loader_path/Frameworks";
				PRODUCT_BUNDLE_IDENTIFIER = "xunbao.----Tests";
				PRODUCT_NAME = "$(TARGET_NAME)";
				TEST_HOST = "$(BUILT_PRODUCTS_DIR)/手势解锁.app/手势解锁";
			};
			name = Debug;
		};
		64DDA56E1C86B64200694AE1 /* Release */ = {
			isa = XCBuildConfiguration;
			buildSettings = {
				BUNDLE_LOADER = "$(TEST_HOST)";
				INFOPLIST_FILE = "手势解锁Tests/Info.plist";
				LD_RUNPATH_SEARCH_PATHS = "$(inherited) @executable_path/Frameworks @loader_path/Frameworks";
				PRODUCT_BUNDLE_IDENTIFIER = "xunbao.----Tests";
				PRODUCT_NAME = "$(TARGET_NAME)";
				TEST_HOST = "$(BUILT_PRODUCTS_DIR)/手势解锁.app/手势解锁";
			};
			name = Release;
		};
		64DDA5701C86B64200694AE1 /* Debug */ = {
			isa = XCBuildConfiguration;
			buildSettings = {
				INFOPLIST_FILE = "手势解锁UITests/Info.plist";
				LD_RUNPATH_SEARCH_PATHS = "$(inherited) @executable_path/Frameworks @loader_path/Frameworks";
				PRODUCT_BUNDLE_IDENTIFIER = "xunbao.----UITests";
				PRODUCT_NAME = "$(TARGET_NAME)";
				TEST_TARGET_NAME = "手势解锁";
				USES_XCTRUNNER = YES;
			};
			name = Debug;
		};
		64DDA5711C86B64200694AE1 /* Release */ = {
			isa = XCBuildConfiguration;
			buildSettings = {
				INFOPLIST_FILE = "手势解锁UITests/Info.plist";
				LD_RUNPATH_SEARCH_PATHS = "$(inherited) @executable_path/Frameworks @loader_path/Frameworks";
				PRODUCT_BUNDLE_IDENTIFIER = "xunbao.----UITests";
				PRODUCT_NAME = "$(TARGET_NAME)";
				TEST_TARGET_NAME = "手势解锁";
				USES_XCTRUNNER = YES;
			};
			name = Release;
		};
/* End XCBuildConfiguration section */

/* Begin XCConfigurationList section */
		64DDA5371C86B64200694AE1 /* Build configuration list for PBXProject "手势解锁" */ = {
			isa = XCConfigurationList;
			buildConfigurations = (
				64DDA5671C86B64200694AE1 /* Debug */,
				64DDA5681C86B64200694AE1 /* Release */,
			);
			defaultConfigurationIsVisible = 0;
			defaultConfigurationName = Release;
		};
		64DDA5691C86B64200694AE1 /* Build configuration list for PBXNativeTarget "手势解锁" */ = {
			isa = XCConfigurationList;
			buildConfigurations = (
				64DDA56A1C86B64200694AE1 /* Debug */,
				64DDA56B1C86B64200694AE1 /* Release */,
			);
			defaultConfigurationIsVisible = 0;
		};
		64DDA56C1C86B64200694AE1 /* Build configuration list for PBXNativeTarget "手势解锁Tests" */ = {
			isa = XCConfigurationList;
			buildConfigurations = (
				64DDA56D1C86B64200694AE1 /* Debug */,
				64DDA56E1C86B64200694AE1 /* Release */,
			);
			defaultConfigurationIsVisible = 0;
		};
		64DDA56F1C86B64200694AE1 /* Build configuration list for PBXNativeTarget "手势解锁UITests" */ = {
			isa = XCConfigurationList;
			buildConfigurations = (
				64DDA5701C86B64200694AE1 /* Debug */,
				64DDA5711C86B64200694AE1 /* Release */,
			);
			defaultConfigurationIsVisible = 0;
		};
/* End XCConfigurationList section */
	};
	rootObject = 64DDA5341C86B64200694AE1 /* Project object */;
}
